
Microsoft Visual Studio Solution File, Format Version 12.00
# Visual Studio 15
VisualStudioVersion = 15.0.28307.271
MinimumVisualStudioVersion = 10.0.40219.1
Project("{FAE04EC0-301F-11D3-BF4B-00C04F79EFBC}") = "Lisa's Workbook", "Lisa's Workbook\Lisa's Workbook.csproj", "{442CF0CA-6D56-406E-B2D2-3A58E4C63E4A}"
EndProject
Global
	GlobalSection(SolutionConfigurationPlatforms) = preSolution
		Debug|Any CPU = Debug|Any CPU
		Release|Any CPU = Release|Any CPU
	EndGlobalSection
	GlobalSection(ProjectConfigurationPlatforms) = postSolution
		{442CF0CA-6D56-406E-B2D2-3A58E4C63E4A}.Debug|Any CPU.ActiveCfg = Debug|Any CPU
		{442CF0CA-6D56-406E-B2D2-3A58E4C63E4A}.Debug|Any CPU.Build.0 = Debug|Any CPU
		{442CF0CA-6D56-406E-B2D2-3A58E4C63E4A}.Release|Any CPU.ActiveCfg = Release|Any CPU
		{442CF0CA-6D56-406E-B2D2-3A58E4C63E4A}.Release|Any CPU.Build.0 = Release|Any CPU
	EndGlobalSection
	GlobalSection(SolutionProperties) = preSolution
		HideSolutionNode = FALSE
	EndGlobalSection
	GlobalSection(ExtensibilityGlobals) = postSolution
		SolutionGuid = {C8ECD476-019D-496C-9658-77E442AE95BE}
	EndGlobalSection
EndGlobal
