
Microsoft Visual Studio Solution File, Format Version 12.00
# Visual Studio 15
VisualStudioVersion = 15.0.28307.136
MinimumVisualStudioVersion = 10.0.40219.1
Project("{FAE04EC0-301F-11D3-BF4B-00C04F79EFBC}") = "Diagonal_Difference", "Diagonal_Difference\Diagonal_Difference.csproj", "{8BF0AEC8-8B4D-40F3-9F0B-A7615F6F6859}"
EndProject
Global
	GlobalSection(SolutionConfigurationPlatforms) = preSolution
		Debug|Any CPU = Debug|Any CPU
		Release|Any CPU = Release|Any CPU
	EndGlobalSection
	GlobalSection(ProjectConfigurationPlatforms) = postSolution
		{8BF0AEC8-8B4D-40F3-9F0B-A7615F6F6859}.Debug|Any CPU.ActiveCfg = Debug|Any CPU
		{8BF0AEC8-8B4D-40F3-9F0B-A7615F6F6859}.Debug|Any CPU.Build.0 = Debug|Any CPU
		{8BF0AEC8-8B4D-40F3-9F0B-A7615F6F6859}.Release|Any CPU.ActiveCfg = Release|Any CPU
		{8BF0AEC8-8B4D-40F3-9F0B-A7615F6F6859}.Release|Any CPU.Build.0 = Release|Any CPU
	EndGlobalSection
	GlobalSection(SolutionProperties) = preSolution
		HideSolutionNode = FALSE
	EndGlobalSection
	GlobalSection(ExtensibilityGlobals) = postSolution
		SolutionGuid = {126E358A-CBEA-405E-B6F1-884E42D7BF92}
	EndGlobalSection
EndGlobal
