
Microsoft Visual Studio Solution File, Format Version 12.00
# Visual Studio 15
VisualStudioVersion = 15.0.28307.168
MinimumVisualStudioVersion = 10.0.40219.1
Project("{FAE04EC0-301F-11D3-BF4B-00C04F79EFBC}") = "Extra Long Factorials", "Extra Long Factorials\Extra Long Factorials.csproj", "{5B01EBFB-1BCB-4646-9C37-DFCE7ED796E2}"
EndProject
Global
	GlobalSection(SolutionConfigurationPlatforms) = preSolution
		Debug|Any CPU = Debug|Any CPU
		Release|Any CPU = Release|Any CPU
	EndGlobalSection
	GlobalSection(ProjectConfigurationPlatforms) = postSolution
		{5B01EBFB-1BCB-4646-9C37-DFCE7ED796E2}.Debug|Any CPU.ActiveCfg = Debug|Any CPU
		{5B01EBFB-1BCB-4646-9C37-DFCE7ED796E2}.Debug|Any CPU.Build.0 = Debug|Any CPU
		{5B01EBFB-1BCB-4646-9C37-DFCE7ED796E2}.Release|Any CPU.ActiveCfg = Release|Any CPU
		{5B01EBFB-1BCB-4646-9C37-DFCE7ED796E2}.Release|Any CPU.Build.0 = Release|Any CPU
	EndGlobalSection
	GlobalSection(SolutionProperties) = preSolution
		HideSolutionNode = FALSE
	EndGlobalSection
	GlobalSection(ExtensibilityGlobals) = postSolution
		SolutionGuid = {EA0A2496-B6B4-43EE-9658-10BF952F153D}
	EndGlobalSection
EndGlobal
