
Microsoft Visual Studio Solution File, Format Version 12.00
# Visual Studio 15
VisualStudioVersion = 15.0.28307.168
MinimumVisualStudioVersion = 10.0.40219.1
Project("{FAE04EC0-301F-11D3-BF4B-00C04F79EFBC}") = "Repeated String", "Repeated String\Repeated String.csproj", "{5CFFF829-DBF0-422E-85AB-B59A357F4C09}"
EndProject
Global
	GlobalSection(SolutionConfigurationPlatforms) = preSolution
		Debug|Any CPU = Debug|Any CPU
		Release|Any CPU = Release|Any CPU
	EndGlobalSection
	GlobalSection(ProjectConfigurationPlatforms) = postSolution
		{5CFFF829-DBF0-422E-85AB-B59A357F4C09}.Debug|Any CPU.ActiveCfg = Debug|Any CPU
		{5CFFF829-DBF0-422E-85AB-B59A357F4C09}.Debug|Any CPU.Build.0 = Debug|Any CPU
		{5CFFF829-DBF0-422E-85AB-B59A357F4C09}.Release|Any CPU.ActiveCfg = Release|Any CPU
		{5CFFF829-DBF0-422E-85AB-B59A357F4C09}.Release|Any CPU.Build.0 = Release|Any CPU
	EndGlobalSection
	GlobalSection(SolutionProperties) = preSolution
		HideSolutionNode = FALSE
	EndGlobalSection
	GlobalSection(ExtensibilityGlobals) = postSolution
		SolutionGuid = {698E1DEA-D2CD-482B-9575-2AAD103651D4}
	EndGlobalSection
EndGlobal
