
Microsoft Visual Studio Solution File, Format Version 12.00
# Visual Studio 15
VisualStudioVersion = 15.0.28307.136
MinimumVisualStudioVersion = 10.0.40219.1
Project("{FAE04EC0-301F-11D3-BF4B-00C04F79EFBC}") = "Cats_and_a_Mouse", "Cats_and_a_Mouse\Cats_and_a_Mouse.csproj", "{E69E2AAD-F3C0-4489-9CEF-7E04B0CD2A92}"
EndProject
Global
	GlobalSection(SolutionConfigurationPlatforms) = preSolution
		Debug|Any CPU = Debug|Any CPU
		Release|Any CPU = Release|Any CPU
	EndGlobalSection
	GlobalSection(ProjectConfigurationPlatforms) = postSolution
		{E69E2AAD-F3C0-4489-9CEF-7E04B0CD2A92}.Debug|Any CPU.ActiveCfg = Debug|Any CPU
		{E69E2AAD-F3C0-4489-9CEF-7E04B0CD2A92}.Debug|Any CPU.Build.0 = Debug|Any CPU
		{E69E2AAD-F3C0-4489-9CEF-7E04B0CD2A92}.Release|Any CPU.ActiveCfg = Release|Any CPU
		{E69E2AAD-F3C0-4489-9CEF-7E04B0CD2A92}.Release|Any CPU.Build.0 = Release|Any CPU
	EndGlobalSection
	GlobalSection(SolutionProperties) = preSolution
		HideSolutionNode = FALSE
	EndGlobalSection
	GlobalSection(ExtensibilityGlobals) = postSolution
		SolutionGuid = {73D33CA9-3B9C-448B-ACC3-FBE41D79C731}
	EndGlobalSection
EndGlobal
