
Microsoft Visual Studio Solution File, Format Version 12.00
# Visual Studio 15
VisualStudioVersion = 15.0.28307.271
MinimumVisualStudioVersion = 10.0.40219.1
Project("{FAE04EC0-301F-11D3-BF4B-00C04F79EFBC}") = "Beautiful Triplets", "Beautiful Triplets\Beautiful Triplets.csproj", "{132C3F7E-BF27-4733-83A4-987A91AEDB16}"
EndProject
Global
	GlobalSection(SolutionConfigurationPlatforms) = preSolution
		Debug|Any CPU = Debug|Any CPU
		Release|Any CPU = Release|Any CPU
	EndGlobalSection
	GlobalSection(ProjectConfigurationPlatforms) = postSolution
		{132C3F7E-BF27-4733-83A4-987A91AEDB16}.Debug|Any CPU.ActiveCfg = Debug|Any CPU
		{132C3F7E-BF27-4733-83A4-987A91AEDB16}.Debug|Any CPU.Build.0 = Debug|Any CPU
		{132C3F7E-BF27-4733-83A4-987A91AEDB16}.Release|Any CPU.ActiveCfg = Release|Any CPU
		{132C3F7E-BF27-4733-83A4-987A91AEDB16}.Release|Any CPU.Build.0 = Release|Any CPU
	EndGlobalSection
	GlobalSection(SolutionProperties) = preSolution
		HideSolutionNode = FALSE
	EndGlobalSection
	GlobalSection(ExtensibilityGlobals) = postSolution
		SolutionGuid = {1830F8D8-2C91-4246-893E-1AE1347F1C60}
	EndGlobalSection
EndGlobal
