
Microsoft Visual Studio Solution File, Format Version 12.00
# Visual Studio 15
VisualStudioVersion = 15.0.28307.136
MinimumVisualStudioVersion = 10.0.40219.1
Project("{FAE04EC0-301F-11D3-BF4B-00C04F79EFBC}") = "A_Very_Big_Sum", "A_Very_Big_Sum\A_Very_Big_Sum.csproj", "{F641BD7E-C675-4FA8-A231-2D10C75953A0}"
EndProject
Global
	GlobalSection(SolutionConfigurationPlatforms) = preSolution
		Debug|Any CPU = Debug|Any CPU
		Release|Any CPU = Release|Any CPU
	EndGlobalSection
	GlobalSection(ProjectConfigurationPlatforms) = postSolution
		{F641BD7E-C675-4FA8-A231-2D10C75953A0}.Debug|Any CPU.ActiveCfg = Debug|Any CPU
		{F641BD7E-C675-4FA8-A231-2D10C75953A0}.Debug|Any CPU.Build.0 = Debug|Any CPU
		{F641BD7E-C675-4FA8-A231-2D10C75953A0}.Release|Any CPU.ActiveCfg = Release|Any CPU
		{F641BD7E-C675-4FA8-A231-2D10C75953A0}.Release|Any CPU.Build.0 = Release|Any CPU
	EndGlobalSection
	GlobalSection(SolutionProperties) = preSolution
		HideSolutionNode = FALSE
	EndGlobalSection
	GlobalSection(ExtensibilityGlobals) = postSolution
		SolutionGuid = {2CCF8786-CF57-4E92-8E1B-B82BADE4986F}
	EndGlobalSection
EndGlobal
