
Microsoft Visual Studio Solution File, Format Version 12.00
# Visual Studio 15
VisualStudioVersion = 15.0.28307.168
MinimumVisualStudioVersion = 10.0.40219.1
Project("{FAE04EC0-301F-11D3-BF4B-00C04F79EFBC}") = "Beautiful Days at the Movies", "Beautiful Days at the Movies\Beautiful Days at the Movies.csproj", "{5545B9A2-5141-4D1E-9A26-A96FA2353522}"
EndProject
Global
	GlobalSection(SolutionConfigurationPlatforms) = preSolution
		Debug|Any CPU = Debug|Any CPU
		Release|Any CPU = Release|Any CPU
	EndGlobalSection
	GlobalSection(ProjectConfigurationPlatforms) = postSolution
		{5545B9A2-5141-4D1E-9A26-A96FA2353522}.Debug|Any CPU.ActiveCfg = Debug|Any CPU
		{5545B9A2-5141-4D1E-9A26-A96FA2353522}.Debug|Any CPU.Build.0 = Debug|Any CPU
		{5545B9A2-5141-4D1E-9A26-A96FA2353522}.Release|Any CPU.ActiveCfg = Release|Any CPU
		{5545B9A2-5141-4D1E-9A26-A96FA2353522}.Release|Any CPU.Build.0 = Release|Any CPU
	EndGlobalSection
	GlobalSection(SolutionProperties) = preSolution
		HideSolutionNode = FALSE
	EndGlobalSection
	GlobalSection(ExtensibilityGlobals) = postSolution
		SolutionGuid = {D3D4F478-0D4C-4754-83D1-992595C54937}
	EndGlobalSection
EndGlobal
