
Microsoft Visual Studio Solution File, Format Version 12.00
# Visual Studio 15
VisualStudioVersion = 15.0.28307.136
MinimumVisualStudioVersion = 10.0.40219.1
Project("{FAE04EC0-301F-11D3-BF4B-00C04F79EFBC}") = "Simple_Array_Sum", "Simple_Array_Sum\Simple_Array_Sum.csproj", "{C36A77A8-7211-4D4C-ABF8-30E1D44C3996}"
EndProject
Global
	GlobalSection(SolutionConfigurationPlatforms) = preSolution
		Debug|Any CPU = Debug|Any CPU
		Release|Any CPU = Release|Any CPU
	EndGlobalSection
	GlobalSection(ProjectConfigurationPlatforms) = postSolution
		{C36A77A8-7211-4D4C-ABF8-30E1D44C3996}.Debug|Any CPU.ActiveCfg = Debug|Any CPU
		{C36A77A8-7211-4D4C-ABF8-30E1D44C3996}.Debug|Any CPU.Build.0 = Debug|Any CPU
		{C36A77A8-7211-4D4C-ABF8-30E1D44C3996}.Release|Any CPU.ActiveCfg = Release|Any CPU
		{C36A77A8-7211-4D4C-ABF8-30E1D44C3996}.Release|Any CPU.Build.0 = Release|Any CPU
	EndGlobalSection
	GlobalSection(SolutionProperties) = preSolution
		HideSolutionNode = FALSE
	EndGlobalSection
	GlobalSection(ExtensibilityGlobals) = postSolution
		SolutionGuid = {C8C3283F-7003-41D5-9FF9-D56B273AAD7C}
	EndGlobalSection
EndGlobal
